// !$*UTF8*$!
{
	archiveVersion = 1;
	classes = {
	};
	objectVersion = 56;
	objects = {

/* Begin PBXBuildFile section */
		5AF9B2512AAB76DD00D92D5D /* AppDelegate.swift in Sources */ = {isa = PBXBuildFile; fileRef = 5AF9B2502AAB76DD00D92D5D /* AppDelegate.swift */; };
		5AF9B2532AAB76DD00D92D5D /* SceneDelegate.swift in Sources */ = {isa = PBXBuildFile; fileRef = 5AF9B2522AAB76DD00D92D5D /* SceneDelegate.swift */; };
		5AF9B2552AAB76DD00D92D5D /* ViewController.swift in Sources */ = {isa = PBXBuildFile; fileRef = 5AF9B2542AAB76DD00D92D5D /* ViewController.swift */; };
		5AF9B2582AAB76DD00D92D5D /* Main.storyboard in Resources */ = {isa = PBXBuildFile; fileRef = 5AF9B2562AAB76DD00D92D5D /* Main.storyboard */; };
		5AF9B25A2AAB76E100D92D5D /* Assets.xcassets in Resources */ = {isa = PBXBuildFile; fileRef = 5AF9B2592AAB76E100D92D5D /* Assets.xcassets */; };
		5AF9B25D2AAB76E100D92D5D /* LaunchScreen.storyboard in Resources */ = {isa = PBXBuildFile; fileRef = 5AF9B25B2AAB76E100D92D5D /* LaunchScreen.storyboard */; };
		5AF9B2672AAB95E600D92D5D /* TableViewController.swift in Sources */ = {isa = PBXBuildFile; fileRef = 5AF9B2662AAB95E600D92D5D /* TableViewController.swift */; };
		5AF9B2692AAB992900D92D5D /* test.storyboard in Resources */ = {isa = PBXBuildFile; fileRef = 5AF9B2682AAB992900D92D5D /* test.storyboard */; };
		5AF9B26B2AABADA000D92D5D /* WeatherModel.swift in Sources */ = {isa = PBXBuildFile; fileRef = 5AF9B26A2AABADA000D92D5D /* WeatherModel.swift */; };
		5AF9B26D2AABD67200D92D5D /* CollectionViewController.swift in Sources */ = {isa = PBXBuildFile; fileRef = 5AF9B26C2AABD67200D92D5D /* CollectionViewController.swift */; };
		5AF9B26F2AABD8A800D92D5D /* CollectionViewCell.swift in Sources */ = {isa = PBXBuildFile; fileRef = 5AF9B26E2AABD8A800D92D5D /* CollectionViewCell.swift */; };
		8C5B18B72AAE55730073D7EC /* WeatherDetails.storyboard in Resources */ = {isa = PBXBuildFile; fileRef = 8C5B18B62AAE55730073D7EC /* WeatherDetails.storyboard */; };
		8C5B18B92AAE55990073D7EC /* WeatherDetailsViewController.swift in Sources */ = {isa = PBXBuildFile; fileRef = 8C5B18B82AAE55990073D7EC /* WeatherDetailsViewController.swift */; };
/* End PBXBuildFile section */

/* Begin PBXFileReference section */
		5AF9B24D2AAB76DD00D92D5D /* TrioWeather.app */ = {isa = PBXFileReference; explicitFileType = wrapper.application; includeInIndex = 0; path = TrioWeather.app; sourceTree = BUILT_PRODUCTS_DIR; };
		5AF9B2502AAB76DD00D92D5D /* AppDelegate.swift */ = {isa = PBXFileReference; lastKnownFileType = sourcecode.swift; path = AppDelegate.swift; sourceTree = "<group>"; };
		5AF9B2522AAB76DD00D92D5D /* SceneDelegate.swift */ = {isa = PBXFileReference; lastKnownFileType = sourcecode.swift; path = SceneDelegate.swift; sourceTree = "<group>"; };
		5AF9B2542AAB76DD00D92D5D /* ViewController.swift */ = {isa = PBXFileReference; lastKnownFileType = sourcecode.swift; path = ViewController.swift; sourceTree = "<group>"; };
		5AF9B2572AAB76DD00D92D5D /* Base */ = {isa = PBXFileReference; lastKnownFileType = file.storyboard; name = Base; path = Base.lproj/Main.storyboard; sourceTree = "<group>"; };
		5AF9B2592AAB76E100D92D5D /* Assets.xcassets */ = {isa = PBXFileReference; lastKnownFileType = folder.assetcatalog; path = Assets.xcassets; sourceTree = "<group>"; };
		5AF9B25C2AAB76E100D92D5D /* Base */ = {isa = PBXFileReference; lastKnownFileType = file.storyboard; name = Base; path = Base.lproj/LaunchScreen.storyboard; sourceTree = "<group>"; };
		5AF9B25E2AAB76E100D92D5D /* Info.plist */ = {isa = PBXFileReference; lastKnownFileType = text.plist.xml; path = Info.plist; sourceTree = "<group>"; };
		5AF9B2662AAB95E600D92D5D /* TableViewController.swift */ = {isa = PBXFileReference; lastKnownFileType = sourcecode.swift; path = TableViewController.swift; sourceTree = "<group>"; };
		5AF9B2682AAB992900D92D5D /* test.storyboard */ = {isa = PBXFileReference; lastKnownFileType = file.storyboard; path = test.storyboard; sourceTree = "<group>"; };
		5AF9B26A2AABADA000D92D5D /* WeatherModel.swift */ = {isa = PBXFileReference; lastKnownFileType = sourcecode.swift; path = WeatherModel.swift; sourceTree = "<group>"; };
		5AF9B26C2AABD67200D92D5D /* CollectionViewController.swift */ = {isa = PBXFileReference; lastKnownFileType = sourcecode.swift; path = CollectionViewController.swift; sourceTree = "<group>"; };
		5AF9B26E2AABD8A800D92D5D /* CollectionViewCell.swift */ = {isa = PBXFileReference; lastKnownFileType = sourcecode.swift; path = CollectionViewCell.swift; sourceTree = "<group>"; };
		8C5B18B62AAE55730073D7EC /* WeatherDetails.storyboard */ = {isa = PBXFileReference; lastKnownFileType = file.storyboard; path = WeatherDetails.storyboard; sourceTree = "<group>"; };
		8C5B18B82AAE55990073D7EC /* WeatherDetailsViewController.swift */ = {isa = PBXFileReference; lastKnownFileType = sourcecode.swift; path = WeatherDetailsViewController.swift; sourceTree = "<group>"; };
/* End PBXFileReference section */

/* Begin PBXFrameworksBuildPhase section */
		5AF9B24A2AAB76DD00D92D5D /* Frameworks */ = {
			isa = PBXFrameworksBuildPhase;
			buildActionMask = 2147483647;
			files = (
			);
			runOnlyForDeploymentPostprocessing = 0;
		};
/* End PBXFrameworksBuildPhase section */

/* Begin PBXGroup section */
		5AF9B2442AAB76DD00D92D5D = {
			isa = PBXGroup;
			children = (
				5AF9B24F2AAB76DD00D92D5D /* TrioWeather */,
				5AF9B24E2AAB76DD00D92D5D /* Products */,
			);
			sourceTree = "<group>";
		};
		5AF9B24E2AAB76DD00D92D5D /* Products */ = {
			isa = PBXGroup;
			children = (
				5AF9B24D2AAB76DD00D92D5D /* TrioWeather.app */,
			);
			name = Products;
			sourceTree = "<group>";
		};
		5AF9B24F2AAB76DD00D92D5D /* TrioWeather */ = {
			isa = PBXGroup;
			children = (
				5AF9B2502AAB76DD00D92D5D /* AppDelegate.swift */,
				5AF9B2522AAB76DD00D92D5D /* SceneDelegate.swift */,
				5AF9B2542AAB76DD00D92D5D /* ViewController.swift */,
				5AF9B2662AAB95E600D92D5D /* TableViewController.swift */,
				5AF9B26C2AABD67200D92D5D /* CollectionViewController.swift */,
				5AF9B26E2AABD8A800D92D5D /* CollectionViewCell.swift */,
				5AF9B26A2AABADA000D92D5D /* WeatherModel.swift */,
				5AF9B2562AAB76DD00D92D5D /* Main.storyboard */,
				5AF9B2682AAB992900D92D5D /* test.storyboard */,
				5AF9B2592AAB76E100D92D5D /* Assets.xcassets */,
				5AF9B25B2AAB76E100D92D5D /* LaunchScreen.storyboard */,
				5AF9B25E2AAB76E100D92D5D /* Info.plist */,
				8C5B18B62AAE55730073D7EC /* WeatherDetails.storyboard */,
				8C5B18B82AAE55990073D7EC /* WeatherDetailsViewController.swift */,
			);
			path = TrioWeather;
			sourceTree = "<group>";
		};
/* End PBXGroup section */

/* Begin PBXNativeTarget section */
		5AF9B24C2AAB76DD00D92D5D /* TrioWeather */ = {
			isa = PBXNativeTarget;
			buildConfigurationList = 5AF9B2612AAB76E100D92D5D /* Build configuration list for PBXNativeTarget "TrioWeather" */;
			buildPhases = (
				5AF9B2492AAB76DD00D92D5D /* Sources */,
				5AF9B24A2AAB76DD00D92D5D /* Frameworks */,
				5AF9B24B2AAB76DD00D92D5D /* Resources */,
			);
			buildRules = (
			);
			dependencies = (
			);
			name = TrioWeather;
			productName = TrioWeather;
			productReference = 5AF9B24D2AAB76DD00D92D5D /* TrioWeather.app */;
			productType = "com.apple.product-type.application";
		};
/* End PBXNativeTarget section */

/* Begin PBXProject section */
		5AF9B2452AAB76DD00D92D5D /* Project object */ = {
			isa = PBXProject;
			attributes = {
				BuildIndependentTargetsInParallel = 1;
				LastSwiftUpdateCheck = 1430;
				LastUpgradeCheck = 1430;
				TargetAttributes = {
					5AF9B24C2AAB76DD00D92D5D = {
						CreatedOnToolsVersion = 14.3.1;
					};
				};
			};
			buildConfigurationList = 5AF9B2482AAB76DD00D92D5D /* Build configuration list for PBXProject "TrioWeather" */;
			compatibilityVersion = "Xcode 14.0";
			developmentRegion = en;
			hasScannedForEncodings = 0;
			knownRegions = (
				en,
				Base,
			);
			mainGroup = 5AF9B2442AAB76DD00D92D5D;
			productRefGroup = 5AF9B24E2AAB76DD00D92D5D /* Products */;
			projectDirPath = "";
			projectRoot = "";
			targets = (
				5AF9B24C2AAB76DD00D92D5D /* TrioWeather */,
			);
		};
/* End PBXProject section */

/* Begin PBXResourcesBuildPhase section */
		5AF9B24B2AAB76DD00D92D5D /* Resources */ = {
			isa = PBXResourcesBuildPhase;
			buildActionMask = 2147483647;
			files = (
				8C5B18B72AAE55730073D7EC /* WeatherDetails.storyboard in Resources */,
				5AF9B25D2AAB76E100D92D5D /* LaunchScreen.storyboard in Resources */,
				5AF9B25A2AAB76E100D92D5D /* Assets.xcassets in Resources */,
				5AF9B2692AAB992900D92D5D /* test.storyboard in Resources */,
				5AF9B2582AAB76DD00D92D5D /* Main.storyboard in Resources */,
			);
			runOnlyForDeploymentPostprocessing = 0;
		};
/* End PBXResourcesBuildPhase section */

/* Begin PBXSourcesBuildPhase section */
		5AF9B2492AAB76DD00D92D5D /* Sources */ = {
			isa = PBXSourcesBuildPhase;
			buildActionMask = 2147483647;
			files = (
				5AF9B26D2AABD67200D92D5D /* CollectionViewController.swift in Sources */,
				5AF9B2552AAB76DD00D92D5D /* ViewController.swift in Sources */,
				8C5B18B92AAE55990073D7EC /* WeatherDetailsViewController.swift in Sources */,
				5AF9B26B2AABADA000D92D5D /* WeatherModel.swift in Sources */,
				5AF9B26F2AABD8A800D92D5D /* CollectionViewCell.swift in Sources */,
				5AF9B2512AAB76DD00D92D5D /* AppDelegate.swift in Sources */,
				5AF9B2532AAB76DD00D92D5D /* SceneDelegate.swift in Sources */,
				5AF9B2672AAB95E600D92D5D /* TableViewController.swift in Sources */,
			);
			runOnlyForDeploymentPostprocessing = 0;
		};
/* End PBXSourcesBuildPhase section */

/* Begin PBXVariantGroup section */
		5AF9B2562AAB76DD00D92D5D /* Main.storyboard */ = {
			isa = PBXVariantGroup;
			children = (
				5AF9B2572AAB76DD00D92D5D /* Base */,
			);
			name = Main.storyboard;
			sourceTree = "<group>";
		};
		5AF9B25B2AAB76E100D92D5D /* LaunchScreen.storyboard */ = {
			isa = PBXVariantGroup;
			children = (
				5AF9B25C2AAB76E100D92D5D /* Base */,
			);
			name = LaunchScreen.storyboard;
			sourceTree = "<group>";
		};
/* End PBXVariantGroup section */

/* Begin XCBuildConfiguration section */
		5AF9B25F2AAB76E100D92D5D /* Debug */ = {
			isa = XCBuildConfiguration;
			buildSettings = {
				ALWAYS_SEARCH_USER_PATHS = NO;
				CLANG_ANALYZER_NONNULL = YES;
				CLANG_ANALYZER_NUMBER_OBJECT_CONVERSION = YES_AGGRESSIVE;
				CLANG_CXX_LANGUAGE_STANDARD = "gnu++20";
				CLANG_ENABLE_MODULES = YES;
				CLANG_ENABLE_OBJC_ARC = YES;
				CLANG_ENABLE_OBJC_WEAK = YES;
				CLANG_WARN_BLOCK_CAPTURE_AUTORELEASING = YES;
				CLANG_WARN_BOOL_CONVERSION = YES;
				CLANG_WARN_COMMA = YES;
				CLANG_WARN_CONSTANT_CONVERSION = YES;
				CLANG_WARN_DEPRECATED_OBJC_IMPLEMENTATIONS = YES;
				CLANG_WARN_DIRECT_OBJC_ISA_USAGE = YES_ERROR;
				CLANG_WARN_DOCUMENTATION_COMMENTS = YES;
				CLANG_WARN_EMPTY_BODY = YES;
				CLANG_WARN_ENUM_CONVERSION = YES;
				CLANG_WARN_INFINITE_RECURSION = YES;
				CLANG_WARN_INT_CONVERSION = YES;
				CLANG_WARN_NON_LITERAL_NULL_CONVERSION = YES;
				CLANG_WARN_OBJC_IMPLICIT_RETAIN_SELF = YES;
				CLANG_WARN_OBJC_LITERAL_CONVERSION = YES;
				CLANG_WARN_OBJC_ROOT_CLASS = YES_ERROR;
				CLANG_WARN_QUOTED_INCLUDE_IN_FRAMEWORK_HEADER = YES;
				CLANG_WARN_RANGE_LOOP_ANALYSIS = YES;
				CLANG_WARN_STRICT_PROTOTYPES = YES;
				CLANG_WARN_SUSPICIOUS_MOVE = YES;
				CLANG_WARN_UNGUARDED_AVAILABILITY = YES_AGGRESSIVE;
				CLANG_WARN_UNREACHABLE_CODE = YES;
				CLANG_WARN__DUPLICATE_METHOD_MATCH = YES;
				COPY_PHASE_STRIP = NO;
				DEBUG_INFORMATION_FORMAT = dwarf;
				ENABLE_STRICT_OBJC_MSGSEND = YES;
				ENABLE_TESTABILITY = YES;
				GCC_C_LANGUAGE_STANDARD = gnu11;
				GCC_DYNAMIC_NO_PIC = NO;
				GCC_NO_COMMON_BLOCKS = YES;
				GCC_OPTIMIZATION_LEVEL = 0;
				GCC_PREPROCESSOR_DEFINITIONS = (
					"DEBUG=1",
					"$(inherited)",
				);
				GCC_WARN_64_TO_32_BIT_CONVERSION = YES;
				GCC_WARN_ABOUT_RETURN_TYPE = YES_ERROR;
				GCC_WARN_UNDECLARED_SELECTOR = YES;
				GCC_WARN_UNINITIALIZED_AUTOS = YES_AGGRESSIVE;
				GCC_WARN_UNUSED_FUNCTION = YES;
				GCC_WARN_UNUSED_VARIABLE = YES;
				IPHONEOS_DEPLOYMENT_TARGET = 16.4;
				MTL_ENABLE_DEBUG_INFO = INCLUDE_SOURCE;
				MTL_FAST_MATH = YES;
				ONLY_ACTIVE_ARCH = YES;
				SDKROOT = iphoneos;
				SWIFT_ACTIVE_COMPILATION_CONDITIONS = DEBUG;
				SWIFT_OPTIMIZATION_LEVEL = "-Onone";
			};
			name = Debug;
		};
		5AF9B2602AAB76E100D92D5D /* Release */ = {
			isa = XCBuildConfiguration;
			buildSettings = {
				ALWAYS_SEARCH_USER_PATHS = NO;
				CLANG_ANALYZER_NONNULL = YES;
				CLANG_ANALYZER_NUMBER_OBJECT_CONVERSION = YES_AGGRESSIVE;
				CLANG_CXX_LANGUAGE_STANDARD = "gnu++20";
				CLANG_ENABLE_MODULES = YES;
				CLANG_ENABLE_OBJC_ARC = YES;
				CLANG_ENABLE_OBJC_WEAK = YES;
				CLANG_WARN_BLOCK_CAPTURE_AUTORELEASING = YES;
				CLANG_WARN_BOOL_CONVERSION = YES;
				CLANG_WARN_COMMA = YES;
				CLANG_WARN_CONSTANT_CONVERSION = YES;
				CLANG_WARN_DEPRECATED_OBJC_IMPLEMENTATIONS = YES;
				CLANG_WARN_DIRECT_OBJC_ISA_USAGE = YES_ERROR;
				CLANG_WARN_DOCUMENTATION_COMMENTS = YES;
				CLANG_WARN_EMPTY_BODY = YES;
				CLANG_WARN_ENUM_CONVERSION = YES;
				CLANG_WARN_INFINITE_RECURSION = YES;
				CLANG_WARN_INT_CONVERSION = YES;
				CLANG_WARN_NON_LITERAL_NULL_CONVERSION = YES;
				CLANG_WARN_OBJC_IMPLICIT_RETAIN_SELF = YES;
				CLANG_WARN_OBJC_LITERAL_CONVERSION = YES;
				CLANG_WARN_OBJC_ROOT_CLASS = YES_ERROR;
				CLANG_WARN_QUOTED_INCLUDE_IN_FRAMEWORK_HEADER = YES;
				CLANG_WARN_RANGE_LOOP_ANALYSIS = YES;
				CLANG_WARN_STRICT_PROTOTYPES = YES;
				CLANG_WARN_SUSPICIOUS_MOVE = YES;
				CLANG_WARN_UNGUARDED_AVAILABILITY = YES_AGGRESSIVE;
				CLANG_WARN_UNREACHABLE_CODE = YES;
				CLANG_WARN__DUPLICATE_METHOD_MATCH = YES;
				COPY_PHASE_STRIP = NO;
				DEBUG_INFORMATION_FORMAT = "dwarf-with-dsym";
				ENABLE_NS_ASSERTIONS = NO;
				ENABLE_STRICT_OBJC_MSGSEND = YES;
				GCC_C_LANGUAGE_STANDARD = gnu11;
				GCC_NO_COMMON_BLOCKS = YES;
				GCC_WARN_64_TO_32_BIT_CONVERSION = YES;
				GCC_WARN_ABOUT_RETURN_TYPE = YES_ERROR;
				GCC_WARN_UNDECLARED_SELECTOR = YES;
				GCC_WARN_UNINITIALIZED_AUTOS = YES_AGGRESSIVE;
				GCC_WARN_UNUSED_FUNCTION = YES;
				GCC_WARN_UNUSED_VARIABLE = YES;
				IPHONEOS_DEPLOYMENT_TARGET = 16.4;
				MTL_ENABLE_DEBUG_INFO = NO;
				MTL_FAST_MATH = YES;
				SDKROOT = iphoneos;
				SWIFT_COMPILATION_MODE = wholemodule;
				SWIFT_OPTIMIZATION_LEVEL = "-O";
				VALIDATE_PRODUCT = YES;
			};
			name = Release;
		};
		5AF9B2622AAB76E100D92D5D /* Debug */ = {
			isa = XCBuildConfiguration;
			buildSettings = {
				ASSETCATALOG_COMPILER_APPICON_NAME = AppIcon;
				ASSETCATALOG_COMPILER_GLOBAL_ACCENT_COLOR_NAME = AccentColor;
				CODE_SIGN_STYLE = Automatic;
				CURRENT_PROJECT_VERSION = 1;
				DEVELOPMENT_TEAM = F69WJ27LN4;
				GENERATE_INFOPLIST_FILE = YES;
				INFOPLIST_FILE = TrioWeather/Info.plist;
				INFOPLIST_KEY_UIApplicationSupportsIndirectInputEvents = YES;
				INFOPLIST_KEY_UILaunchStoryboardName = LaunchScreen;
				INFOPLIST_KEY_UIMainStoryboardFile = Main;
				INFOPLIST_KEY_UISupportedInterfaceOrientations_iPad = "UIInterfaceOrientationPortrait UIInterfaceOrientationPortraitUpsideDown UIInterfaceOrientationLandscapeLeft UIInterfaceOrientationLandscapeRight";
				INFOPLIST_KEY_UISupportedInterfaceOrientations_iPhone = "UIInterfaceOrientationPortrait UIInterfaceOrientationLandscapeLeft UIInterfaceOrientationLandscapeRight";
				LD_RUNPATH_SEARCH_PATHS = (
					"$(inherited)",
					"@executable_path/Frameworks",
				);
				MARKETING_VERSION = 1.0;
				PRODUCT_BUNDLE_IDENTIFIER = SMU.TrioWeather;
				PRODUCT_NAME = "$(TARGET_NAME)";
				SWIFT_EMIT_LOC_STRINGS = YES;
				SWIFT_VERSION = 5.0;
				TARGETED_DEVICE_FAMILY = "1,2";
			};
			name = Debug;
		};
		5AF9B2632AAB76E100D92D5D /* Release */ = {
			isa = XCBuildConfiguration;
			buildSettings = {
				ASSETCATALOG_COMPILER_APPICON_NAME = AppIcon;
				ASSETCATALOG_COMPILER_GLOBAL_ACCENT_COLOR_NAME = AccentColor;
				CODE_SIGN_STYLE = Automatic;
				CURRENT_PROJECT_VERSION = 1;
				DEVELOPMENT_TEAM = F69WJ27LN4;
				GENERATE_INFOPLIST_FILE = YES;
				INFOPLIST_FILE = TrioWeather/Info.plist;
				INFOPLIST_KEY_UIApplicationSupportsIndirectInputEvents = YES;
				INFOPLIST_KEY_UILaunchStoryboardName = LaunchScreen;
				INFOPLIST_KEY_UIMainStoryboardFile = Main;
				INFOPLIST_KEY_UISupportedInterfaceOrientations_iPad = "UIInterfaceOrientationPortrait UIInterfaceOrientationPortraitUpsideDown UIInterfaceOrientationLandscapeLeft UIInterfaceOrientationLandscapeRight";
				INFOPLIST_KEY_UISupportedInterfaceOrientations_iPhone = "UIInterfaceOrientationPortrait UIInterfaceOrientationLandscapeLeft UIInterfaceOrientationLandscapeRight";
				LD_RUNPATH_SEARCH_PATHS = (
					"$(inherited)",
					"@executable_path/Frameworks",
				);
				MARKETING_VERSION = 1.0;
				PRODUCT_BUNDLE_IDENTIFIER = SMU.TrioWeather;
				PRODUCT_NAME = "$(TARGET_NAME)";
				SWIFT_EMIT_LOC_STRINGS = YES;
				SWIFT_VERSION = 5.0;
				TARGETED_DEVICE_FAMILY = "1,2";
			};
			name = Release;
		};
/* End XCBuildConfiguration section */

/* Begin XCConfigurationList section */
		5AF9B2482AAB76DD00D92D5D /* Build configuration list for PBXProject "TrioWeather" */ = {
			isa = XCConfigurationList;
			buildConfigurations = (
				5AF9B25F2AAB76E100D92D5D /* Debug */,
				5AF9B2602AAB76E100D92D5D /* Release */,
			);
			defaultConfigurationIsVisible = 0;
			defaultConfigurationName = Release;
		};
		5AF9B2612AAB76E100D92D5D /* Build configuration list for PBXNativeTarget "TrioWeather" */ = {
			isa = XCConfigurationList;
			buildConfigurations = (
				5AF9B2622AAB76E100D92D5D /* Debug */,
				5AF9B2632AAB76E100D92D5D /* Release */,
			);
			defaultConfigurationIsVisible = 0;
			defaultConfigurationName = Release;
		};
/* End XCConfigurationList section */
	};
	rootObject = 5AF9B2452AAB76DD00D92D5D /* Project object */;
}
